Microsoft Visual Studio Solution File, Format Version 12.00
# Visual Studio Version 17
VisualStudioVersion = 17.5.2.0
MinimumVisualStudioVersion = 10.0.40219.1
Project("{2150E333-8FDC-42A3-9474-1A3956D46DE8}") = "TP 00", "TP 00", "{1FD4E5E1-D396-40D1-19F7-C373D6A5C088}"
EndProject
Project("{2150E333-8FDC-42A3-9474-1A3956D46DE8}") = "TP01", "TP01", "{2B801F70-59C0-258B-2145-368ACC2A22A9}"
EndProject
Project("{2150E333-8FDC-42A3-9474-1A3956D46DE8}") = "TP02", "TP02", "{C50B472A-D4C0-9593-6F08-4DCED07B56D3}"
EndProject
Project("{2150E333-8FDC-42A3-9474-1A3956D46DE8}") = "TP03", "TP03", "{19A613D9-E127-B510-EDAF-F5D894C03EE2}"
EndProject
Project("{2150E333-8FDC-42A3-9474-1A3956D46DE8}") = "TP04", "TP04", "{A7D942B8-127F-902F-84B8-4331D3F1A0E3}"
EndProject
Project("{FAE04EC0-301F-11D3-BF4B-00C04F79EFBC}") = "TrabajoPractico00", "TP 00\TrabajoPractico00.csproj", "{046941F6-9D6C-290E-165C-6879403466B8}"
EndProject
Project("{FAE04EC0-301F-11D3-BF4B-00C04F79EFBC}") = "TrabajoPractico", "TP01\TrabajoPractico.csproj", "{F5288BA7-9D18-61CB-D8F2-D700003323C7}"
EndProject
Project("{FAE04EC0-301F-11D3-BF4B-00C04F79EFBC}") = "TrabajoPractico02", "TP02\TrabajoPractico02.csproj", "{A00F46B5-61C4-3184-06C2-A4C00D03A5E4}"
EndProject
Project("{FAE04EC0-301F-11D3-BF4B-00C04F79EFBC}") = "TrabajoPractico03", "TP03\TrabajoPractico03.csproj", "{E1535208-4EE4-2FDD-CF4B-1F45D393B4D2}"
EndProject
Project("{FAE04EC0-301F-11D3-BF4B-00C04F79EFBC}") = "TrabajoPractico04", "TP04\TrabajoPractico04.csproj", "{500A4721-7F00-FE73-4D18-079D37283669}"
EndProject
Global
	GlobalSection(SolutionConfigurationPlatforms) = preSolution
		Debug|Any CPU = Debug|Any CPU
		Release|Any CPU = Release|Any CPU
	EndGlobalSection
	GlobalSection(ProjectConfigurationPlatforms) = postSolution
		{046941F6-9D6C-290E-165C-6879403466B8}.Debug|Any CPU.ActiveCfg = Debug|Any CPU
		{046941F6-9D6C-290E-165C-6879403466B8}.Debug|Any CPU.Build.0 = Debug|Any CPU
		{046941F6-9D6C-290E-165C-6879403466B8}.Release|Any CPU.ActiveCfg = Release|Any CPU
		{046941F6-9D6C-290E-165C-6879403466B8}.Release|Any CPU.Build.0 = Release|Any CPU
		{F5288BA7-9D18-61CB-D8F2-D700003323C7}.Debug|Any CPU.ActiveCfg = Debug|Any CPU
		{F5288BA7-9D18-61CB-D8F2-D700003323C7}.Debug|Any CPU.Build.0 = Debug|Any CPU
		{F5288BA7-9D18-61CB-D8F2-D700003323C7}.Release|Any CPU.ActiveCfg = Release|Any CPU
		{F5288BA7-9D18-61CB-D8F2-D700003323C7}.Release|Any CPU.Build.0 = Release|Any CPU
		{A00F46B5-61C4-3184-06C2-A4C00D03A5E4}.Debug|Any CPU.ActiveCfg = Debug|Any CPU
		{A00F46B5-61C4-3184-06C2-A4C00D03A5E4}.Debug|Any CPU.Build.0 = Debug|Any CPU
		{A00F46B5-61C4-3184-06C2-A4C00D03A5E4}.Release|Any CPU.ActiveCfg = Release|Any CPU
		{A00F46B5-61C4-3184-06C2-A4C00D03A5E4}.Release|Any CPU.Build.0 = Release|Any CPU
		{E1535208-4EE4-2FDD-CF4B-1F45D393B4D2}.Debug|Any CPU.ActiveCfg = Debug|Any CPU
		{E1535208-4EE4-2FDD-CF4B-1F45D393B4D2}.Debug|Any CPU.Build.0 = Debug|Any CPU
		{E1535208-4EE4-2FDD-CF4B-1F45D393B4D2}.Release|Any CPU.ActiveCfg = Release|Any CPU
		{E1535208-4EE4-2FDD-CF4B-1F45D393B4D2}.Release|Any CPU.Build.0 = Release|Any CPU
		{500A4721-7F00-FE73-4D18-079D37283669}.Debug|Any CPU.ActiveCfg = Debug|Any CPU
		{500A4721-7F00-FE73-4D18-079D37283669}.Debug|Any CPU.Build.0 = Debug|Any CPU
		{500A4721-7F00-FE73-4D18-079D37283669}.Release|Any CPU.ActiveCfg = Release|Any CPU
		{500A4721-7F00-FE73-4D18-079D37283669}.Release|Any CPU.Build.0 = Release|Any CPU
	EndGlobalSection
	GlobalSection(SolutionProperties) = preSolution
		HideSolutionNode = FALSE
	EndGlobalSection
	GlobalSection(NestedProjects) = preSolution
		{046941F6-9D6C-290E-165C-6879403466B8} = {1FD4E5E1-D396-40D1-19F7-C373D6A5C088}
		{F5288BA7-9D18-61CB-D8F2-D700003323C7} = {2B801F70-59C0-258B-2145-368ACC2A22A9}
		{A00F46B5-61C4-3184-06C2-A4C00D03A5E4} = {C50B472A-D4C0-9593-6F08-4DCED07B56D3}
		{E1535208-4EE4-2FDD-CF4B-1F45D393B4D2} = {19A613D9-E127-B510-EDAF-F5D894C03EE2}
		{500A4721-7F00-FE73-4D18-079D37283669} = {A7D942B8-127F-902F-84B8-4331D3F1A0E3}
	EndGlobalSection
	GlobalSection(ExtensibilityGlobals) = postSolution
		SolutionGuid = {CDA16EC3-630A-4BF1-A308-6A2FC9B24F86}
	EndGlobalSection
EndGlobal
